{
  "name": "guppy_practise",
  "version": "1.0.0",
  "lockfileVersion": 1,
  "requires": true,
  "dependencies": {
    "guppy-js": {
      "version": "2.0.0-beta.3",
      "resolved": "https://registry.npmjs.org/guppy-js/-/guppy-js-2.0.0-beta.3.tgz",
      "integrity": "sha512-ixHp5gBGGqYAnkBag8IdngnQABFcTWChDOnu9/ZI74a4TUpqWuxj3mXjplUV4KfR9bdInie8OMlB/reZQB2TwA=="
    },
    "nerdamer": {
      "version": "0.8.4",
      "resolved": "https://registry.npmjs.org/nerdamer/-/nerdamer-0.8.4.tgz",
      "integrity": "sha512-zbBJGcADNSt3CQe9/8esY/bSnWPoUBXAQkvFLSJfJsv1vI5lrtUB20bLIqLsJ8weTFo4lQ2XRw38rKV1dohPSA=="
    }
  }
}
